
Microsoft Visual Studio Solution File, Format Version 12.00
# Visual Studio 2012
Project("{2150E333-8FDC-42A3-9474-1A3956D46DE8}") = "Solution Items", "Solution Items", "{E20D30F5-50A3-4827-8516-A7A104523212}"
EndProject
Project("{FAE04EC0-301F-11D3-BF4B-00C04F79EFBC}") = "CustomTools.AssemblyVersionInfo", "CustomTools.AssemblyVersionInfo\CustomTools.AssemblyVersionInfo.csproj", "{AFB15244-A569-4180-A8F2-00A3A6BE6C87}"
EndProject
Project("{2150E333-8FDC-42A3-9474-1A3956D46DE8}") = "CustomTools.Templates", "CustomTools.Templates", "{A0F5F452-9515-4D92-BE94-1A8CA603BB39}"
EndProject
Project("{FAE04EC0-301F-11D3-BF4B-00C04F79EFBC}") = "CustomTools.Templates.StdClasses", "CustomTools.Templates\CustomTools.Templates.StdClasses\CustomTools.Templates.StdClasses.csproj", "{3F641F1C-1D9C-49F6-A7C9-FF627AA0306D}"
EndProject
Project("{FAE04EC0-301F-11D3-BF4B-00C04F79EFBC}") = "CustomTools.Templates.Console Application", "CustomTools.Templates\CustomTools.Templates.Console Application\CustomTools.Templates.Console Application.csproj", "{49546F74-0C1F-491A-8197-C403C082E59D}"
EndProject
Project("{FAE04EC0-301F-11D3-BF4B-00C04F79EFBC}") = "CustomTools.Templates.WpfApplication", "CustomTools.Templates\CustomTools.Templates.WpfApplication\CustomTools.Templates.WpfApplication.csproj", "{47FFAD02-FC0F-408D-9F8D-1E18F057C19B}"
EndProject
Project("{FAE04EC0-301F-11D3-BF4B-00C04F79EFBC}") = "CustomTools.Templates.TestProject", "CustomTools.Templates\CustomTools.Templates.TestProject\CustomTools.Templates.TestProject.csproj", "{67D035D3-27EE-47C3-B3DF-96D43139DB9A}"
EndProject
Project("{FAE04EC0-301F-11D3-BF4B-00C04F79EFBC}") = "CustomTools.FormatUtility", "CustomTools.FormatUtility\CustomTools.FormatUtility.csproj", "{13E67FA6-3522-4CC5-A809-1FE498B962C6}"
EndProject
Project("{2150E333-8FDC-42A3-9474-1A3956D46DE8}") = "Contrib", "Contrib", "{0ED89569-396E-4281-8FE6-0A0AA83CEC4C}"
EndProject
Project("{2150E333-8FDC-42A3-9474-1A3956D46DE8}") = "ExtensionPack", "ExtensionPack", "{B50FA6CA-A2CC-4B23-84EF-FC6634957B45}"
EndProject
Project("{2150E333-8FDC-42A3-9474-1A3956D46DE8}") = "MSBuildCommunityTasks", "MSBuildCommunityTasks", "{5C245C2B-2E56-4F99-9AF1-22127EF8C351}"
	ProjectSection(SolutionItems) = preProject
		Contrib\MSBuildCommunityTasks\MSBuild.Community.Tasks.dll = Contrib\MSBuildCommunityTasks\MSBuild.Community.Tasks.dll
		Contrib\MSBuildCommunityTasks\MSBuild.Community.Tasks.Targets = Contrib\MSBuildCommunityTasks\MSBuild.Community.Tasks.Targets
		Contrib\MSBuildCommunityTasks\MSBuild.Community.Tasks.xml = Contrib\MSBuildCommunityTasks\MSBuild.Community.Tasks.xml
		Contrib\MSBuildCommunityTasks\MSBuild.Community.Tasks.xsd = Contrib\MSBuildCommunityTasks\MSBuild.Community.Tasks.xsd
	EndProjectSection
EndProject
Project("{2150E333-8FDC-42A3-9474-1A3956D46DE8}") = "4.0", "4.0", "{EC98A928-9A0F-496B-8EE2-587E39F9BBED}"
	ProjectSection(SolutionItems) = preProject
		Contrib\ExtensionPack\4.0\Ionic.Zip.DLL = Contrib\ExtensionPack\4.0\Ionic.Zip.DLL
		Contrib\ExtensionPack\4.0\MSBuild.ExtensionPack.dll = Contrib\ExtensionPack\4.0\MSBuild.ExtensionPack.dll
		Contrib\ExtensionPack\4.0\MSBuild.ExtensionPack.tasks = Contrib\ExtensionPack\4.0\MSBuild.ExtensionPack.tasks
		Contrib\ExtensionPack\4.0\Notes.txt = Contrib\ExtensionPack\4.0\Notes.txt
	EndProjectSection
EndProject
Project("{2150E333-8FDC-42A3-9474-1A3956D46DE8}") = "Game Build Tools", "Game Build Tools", "{713F29FA-17A9-427D-873D-D113E0DF912A}"
	ProjectSection(SolutionItems) = preProject
		BuildLogOutput\BuildMacro.doskey = BuildLogOutput\BuildMacro.doskey
		BuildMgr.proj = BuildMgr.proj
		buildmgr.settings.targets = buildmgr.settings.targets
		buildmgr.targets = buildmgr.targets
		fxcop.targets = fxcop.targets
		FxCopCustomDictionary.xml = FxCopCustomDictionary.xml
		LoadBuildMacro.bat = LoadBuildMacro.bat
	EndProjectSection
EndProject
Project("{2150E333-8FDC-42A3-9474-1A3956D46DE8}") = "ReferencedProjects", "ReferencedProjects", "{3C2FFD88-0203-4D9C-84DA-D1B648AC4E15}"
EndProject
Project("{FAE04EC0-301F-11D3-BF4B-00C04F79EFBC}") = "CodeEnv.Master.Common", "..\CodeEnv\CodeEnv.Master\CodeEnv.Master.Common\CodeEnv.Master.Common.csproj", "{1557C03E-56EE-4C70-9BD8-AB637D3191CF}"
EndProject
Project("{FAE04EC0-301F-11D3-BF4B-00C04F79EFBC}") = "CustomTools.Templates.UnityClasses", "CustomTools.Templates\CustomTools.Templates.UnityClasses\CustomTools.Templates.UnityClasses.csproj", "{E72BB961-ABA8-47D8-A0D7-F42334A46315}"
EndProject
Project("{FAE04EC0-301F-11D3-BF4B-00C04F79EFBC}") = "CodeEnv.Master.Common.LocalResources", "..\CodeEnv\CodeEnv.Master\CodeEnv.Master.Common.LocalResources\CodeEnv.Master.Common.LocalResources.csproj", "{30988A11-A4F0-4FDC-82D5-41B87EA410BE}"
EndProject
Project("{FAE04EC0-301F-11D3-BF4B-00C04F79EFBC}") = "CodeEnv.Master.Common.Unity", "..\CodeEnv\CodeEnv.Master\CodeEnv.Master.Common.Unity\CodeEnv.Master.Common.Unity.csproj", "{129DCF86-4FC5-4CAF-AAFE-911EFC560E10}"
EndProject
Project("{FAE04EC0-301F-11D3-BF4B-00C04F79EFBC}") = "CustomTools.Templates.UnityClassLibrary", "CustomTools.Templates\CustomTools.Templates.UnityClassLibrary\CustomTools.Templates.UnityClassLibrary.csproj", "{7E32BD55-F315-4BDE-885C-646841C273F7}"
EndProject
Project("{FAE04EC0-301F-11D3-BF4B-00C04F79EFBC}") = "CustomTools.Templates.ScriptsProject", "CustomTools.Templates\CustomTools.Templates.ScriptsProject\CustomTools.Templates.ScriptsProject.csproj", "{84AB84FA-983B-4FB8-BFD9-34D3B93D8000}"
EndProject
Project("{FAE04EC0-301F-11D3-BF4B-00C04F79EFBC}") = "CodeEnv.Master.ExternalMonoBehaviours", "..\CodeEnv\CodeEnv.Master\CodeEnv.Master.ExternalMonoBehaviours\CodeEnv.Master.ExternalMonoBehaviours.csproj", "{9C8574A4-64BA-49B1-B66D-7572ECFFFCFB}"
EndProject
Project("{FAE04EC0-301F-11D3-BF4B-00C04F79EFBC}") = "CustomTools.Reflector", "CustomTools.Reflector\CustomTools.Reflector.csproj", "{9900D237-620D-4EC7-B111-3EF2A5002A49}"
EndProject
Project("{2150E333-8FDC-42A3-9474-1A3956D46DE8}") = "Analysis Tools", "Analysis Tools", "{CFD57FB8-0C47-4728-8C9E-E732B92CFE38}"
	ProjectSection(SolutionItems) = preProject
		Analysis Tools\AnalyzeDll.bat = Analysis Tools\AnalyzeDll.bat
		Analysis Tools\PromptToAnalyzeDll.bat = Analysis Tools\PromptToAnalyzeDll.bat
	EndProjectSection
EndProject
Project("{FAE04EC0-301F-11D3-BF4B-00C04F79EFBC}") = "CustomTools.Templates.StdClassLibrary", "CustomTools.Templates\CustomTools.Templates.StdClassLibrary\CustomTools.Templates.StdClassLibrary.csproj", "{9C73E4E7-7A2A-4329-89A0-1BE47C203698}"
EndProject
Global
	GlobalSection(SolutionConfigurationPlatforms) = preSolution
		Debug|Any CPU = Debug|Any CPU
		Debug|Mixed Platforms = Debug|Mixed Platforms
		Debug|x86 = Debug|x86
		Release|Any CPU = Release|Any CPU
		Release|Mixed Platforms = Release|Mixed Platforms
		Release|x86 = Release|x86
	EndGlobalSection
	GlobalSection(ProjectConfigurationPlatforms) = postSolution
		{AFB15244-A569-4180-A8F2-00A3A6BE6C87}.Debug|Any CPU.ActiveCfg = Debug|Any CPU
		{AFB15244-A569-4180-A8F2-00A3A6BE6C87}.Debug|Any CPU.Build.0 = Debug|Any CPU
		{AFB15244-A569-4180-A8F2-00A3A6BE6C87}.Debug|Mixed Platforms.ActiveCfg = Debug|Any CPU
		{AFB15244-A569-4180-A8F2-00A3A6BE6C87}.Debug|Mixed Platforms.Build.0 = Debug|Any CPU
		{AFB15244-A569-4180-A8F2-00A3A6BE6C87}.Debug|x86.ActiveCfg = Debug|Any CPU
		{AFB15244-A569-4180-A8F2-00A3A6BE6C87}.Release|Any CPU.ActiveCfg = Release|Any CPU
		{AFB15244-A569-4180-A8F2-00A3A6BE6C87}.Release|Any CPU.Build.0 = Release|Any CPU
		{AFB15244-A569-4180-A8F2-00A3A6BE6C87}.Release|Mixed Platforms.ActiveCfg = Release|Any CPU
		{AFB15244-A569-4180-A8F2-00A3A6BE6C87}.Release|Mixed Platforms.Build.0 = Release|Any CPU
		{AFB15244-A569-4180-A8F2-00A3A6BE6C87}.Release|x86.ActiveCfg = Release|Any CPU
		{3F641F1C-1D9C-49F6-A7C9-FF627AA0306D}.Debug|Any CPU.ActiveCfg = Debug|Any CPU
		{3F641F1C-1D9C-49F6-A7C9-FF627AA0306D}.Debug|Mixed Platforms.ActiveCfg = Debug|Any CPU
		{3F641F1C-1D9C-49F6-A7C9-FF627AA0306D}.Debug|x86.ActiveCfg = Debug|Any CPU
		{3F641F1C-1D9C-49F6-A7C9-FF627AA0306D}.Release|Any CPU.ActiveCfg = Release|Any CPU
		{3F641F1C-1D9C-49F6-A7C9-FF627AA0306D}.Release|Mixed Platforms.ActiveCfg = Release|Any CPU
		{3F641F1C-1D9C-49F6-A7C9-FF627AA0306D}.Release|x86.ActiveCfg = Release|Any CPU
		{49546F74-0C1F-491A-8197-C403C082E59D}.Debug|Any CPU.ActiveCfg = Debug|Any CPU
		{49546F74-0C1F-491A-8197-C403C082E59D}.Debug|Mixed Platforms.ActiveCfg = Debug|Any CPU
		{49546F74-0C1F-491A-8197-C403C082E59D}.Debug|x86.ActiveCfg = Debug|Any CPU
		{49546F74-0C1F-491A-8197-C403C082E59D}.Release|Any CPU.ActiveCfg = Release|Any CPU
		{49546F74-0C1F-491A-8197-C403C082E59D}.Release|Mixed Platforms.ActiveCfg = Release|Any CPU
		{49546F74-0C1F-491A-8197-C403C082E59D}.Release|x86.ActiveCfg = Release|Any CPU
		{47FFAD02-FC0F-408D-9F8D-1E18F057C19B}.Debug|Any CPU.ActiveCfg = Debug|Any CPU
		{47FFAD02-FC0F-408D-9F8D-1E18F057C19B}.Debug|Mixed Platforms.ActiveCfg = Debug|Any CPU
		{47FFAD02-FC0F-408D-9F8D-1E18F057C19B}.Debug|x86.ActiveCfg = Debug|Any CPU
		{47FFAD02-FC0F-408D-9F8D-1E18F057C19B}.Release|Any CPU.ActiveCfg = Release|Any CPU
		{47FFAD02-FC0F-408D-9F8D-1E18F057C19B}.Release|Mixed Platforms.ActiveCfg = Release|Any CPU
		{47FFAD02-FC0F-408D-9F8D-1E18F057C19B}.Release|x86.ActiveCfg = Release|Any CPU
		{67D035D3-27EE-47C3-B3DF-96D43139DB9A}.Debug|Any CPU.ActiveCfg = Debug|Any CPU
		{67D035D3-27EE-47C3-B3DF-96D43139DB9A}.Debug|Mixed Platforms.ActiveCfg = Debug|Any CPU
		{67D035D3-27EE-47C3-B3DF-96D43139DB9A}.Debug|x86.ActiveCfg = Debug|Any CPU
		{67D035D3-27EE-47C3-B3DF-96D43139DB9A}.Release|Any CPU.ActiveCfg = Release|Any CPU
		{67D035D3-27EE-47C3-B3DF-96D43139DB9A}.Release|Mixed Platforms.ActiveCfg = Release|Any CPU
		{67D035D3-27EE-47C3-B3DF-96D43139DB9A}.Release|x86.ActiveCfg = Release|Any CPU
		{13E67FA6-3522-4CC5-A809-1FE498B962C6}.Debug|Any CPU.ActiveCfg = Debug|x86
		{13E67FA6-3522-4CC5-A809-1FE498B962C6}.Debug|Mixed Platforms.ActiveCfg = Debug|x86
		{13E67FA6-3522-4CC5-A809-1FE498B962C6}.Debug|Mixed Platforms.Build.0 = Debug|x86
		{13E67FA6-3522-4CC5-A809-1FE498B962C6}.Debug|x86.ActiveCfg = Debug|x86
		{13E67FA6-3522-4CC5-A809-1FE498B962C6}.Debug|x86.Build.0 = Debug|x86
		{13E67FA6-3522-4CC5-A809-1FE498B962C6}.Release|Any CPU.ActiveCfg = Release|x86
		{13E67FA6-3522-4CC5-A809-1FE498B962C6}.Release|Mixed Platforms.ActiveCfg = Release|x86
		{13E67FA6-3522-4CC5-A809-1FE498B962C6}.Release|Mixed Platforms.Build.0 = Release|x86
		{13E67FA6-3522-4CC5-A809-1FE498B962C6}.Release|x86.ActiveCfg = Release|x86
		{13E67FA6-3522-4CC5-A809-1FE498B962C6}.Release|x86.Build.0 = Release|x86
		{1557C03E-56EE-4C70-9BD8-AB637D3191CF}.Debug|Any CPU.ActiveCfg = Debug|Any CPU
		{1557C03E-56EE-4C70-9BD8-AB637D3191CF}.Debug|Any CPU.Build.0 = Debug|Any CPU
		{1557C03E-56EE-4C70-9BD8-AB637D3191CF}.Debug|Mixed Platforms.ActiveCfg = Debug|Any CPU
		{1557C03E-56EE-4C70-9BD8-AB637D3191CF}.Debug|x86.ActiveCfg = Debug|Any CPU
		{1557C03E-56EE-4C70-9BD8-AB637D3191CF}.Release|Any CPU.ActiveCfg = Release|Any CPU
		{1557C03E-56EE-4C70-9BD8-AB637D3191CF}.Release|Any CPU.Build.0 = Release|Any CPU
		{1557C03E-56EE-4C70-9BD8-AB637D3191CF}.Release|Mixed Platforms.ActiveCfg = Release|Any CPU
		{1557C03E-56EE-4C70-9BD8-AB637D3191CF}.Release|x86.ActiveCfg = Release|Any CPU
		{E72BB961-ABA8-47D8-A0D7-F42334A46315}.Debug|Any CPU.ActiveCfg = Debug|Any CPU
		{E72BB961-ABA8-47D8-A0D7-F42334A46315}.Debug|Mixed Platforms.ActiveCfg = Debug|Any CPU
		{E72BB961-ABA8-47D8-A0D7-F42334A46315}.Debug|x86.ActiveCfg = Debug|Any CPU
		{E72BB961-ABA8-47D8-A0D7-F42334A46315}.Release|Any CPU.ActiveCfg = Release|Any CPU
		{E72BB961-ABA8-47D8-A0D7-F42334A46315}.Release|Mixed Platforms.ActiveCfg = Release|Any CPU
		{E72BB961-ABA8-47D8-A0D7-F42334A46315}.Release|x86.ActiveCfg = Release|Any CPU
		{30988A11-A4F0-4FDC-82D5-41B87EA410BE}.Debug|Any CPU.ActiveCfg = Debug|Any CPU
		{30988A11-A4F0-4FDC-82D5-41B87EA410BE}.Debug|Any CPU.Build.0 = Debug|Any CPU
		{30988A11-A4F0-4FDC-82D5-41B87EA410BE}.Debug|Mixed Platforms.ActiveCfg = Debug|Any CPU
		{30988A11-A4F0-4FDC-82D5-41B87EA410BE}.Debug|x86.ActiveCfg = Debug|Any CPU
		{30988A11-A4F0-4FDC-82D5-41B87EA410BE}.Release|Any CPU.ActiveCfg = Release|Any CPU
		{30988A11-A4F0-4FDC-82D5-41B87EA410BE}.Release|Any CPU.Build.0 = Release|Any CPU
		{30988A11-A4F0-4FDC-82D5-41B87EA410BE}.Release|Mixed Platforms.ActiveCfg = Release|Any CPU
		{30988A11-A4F0-4FDC-82D5-41B87EA410BE}.Release|x86.ActiveCfg = Release|Any CPU
		{129DCF86-4FC5-4CAF-AAFE-911EFC560E10}.Debug|Any CPU.ActiveCfg = Debug|Any CPU
		{129DCF86-4FC5-4CAF-AAFE-911EFC560E10}.Debug|Any CPU.Build.0 = Debug|Any CPU
		{129DCF86-4FC5-4CAF-AAFE-911EFC560E10}.Debug|Mixed Platforms.ActiveCfg = Debug|Any CPU
		{129DCF86-4FC5-4CAF-AAFE-911EFC560E10}.Debug|x86.ActiveCfg = Debug|Any CPU
		{129DCF86-4FC5-4CAF-AAFE-911EFC560E10}.Release|Any CPU.ActiveCfg = Release|Any CPU
		{129DCF86-4FC5-4CAF-AAFE-911EFC560E10}.Release|Any CPU.Build.0 = Release|Any CPU
		{129DCF86-4FC5-4CAF-AAFE-911EFC560E10}.Release|Mixed Platforms.ActiveCfg = Release|Any CPU
		{129DCF86-4FC5-4CAF-AAFE-911EFC560E10}.Release|x86.ActiveCfg = Release|Any CPU
		{7E32BD55-F315-4BDE-885C-646841C273F7}.Debug|Any CPU.ActiveCfg = Debug|Any CPU
		{7E32BD55-F315-4BDE-885C-646841C273F7}.Debug|Mixed Platforms.ActiveCfg = Debug|Any CPU
		{7E32BD55-F315-4BDE-885C-646841C273F7}.Debug|Mixed Platforms.Build.0 = Debug|Any CPU
		{7E32BD55-F315-4BDE-885C-646841C273F7}.Debug|x86.ActiveCfg = Debug|Any CPU
		{7E32BD55-F315-4BDE-885C-646841C273F7}.Release|Any CPU.ActiveCfg = Release|Any CPU
		{7E32BD55-F315-4BDE-885C-646841C273F7}.Release|Mixed Platforms.ActiveCfg = Release|Any CPU
		{7E32BD55-F315-4BDE-885C-646841C273F7}.Release|Mixed Platforms.Build.0 = Release|Any CPU
		{7E32BD55-F315-4BDE-885C-646841C273F7}.Release|x86.ActiveCfg = Release|Any CPU
		{84AB84FA-983B-4FB8-BFD9-34D3B93D8000}.Debug|Any CPU.ActiveCfg = Debug|Any CPU
		{84AB84FA-983B-4FB8-BFD9-34D3B93D8000}.Debug|Mixed Platforms.ActiveCfg = Debug|Any CPU
		{84AB84FA-983B-4FB8-BFD9-34D3B93D8000}.Debug|x86.ActiveCfg = Debug|Any CPU
		{84AB84FA-983B-4FB8-BFD9-34D3B93D8000}.Release|Any CPU.ActiveCfg = Release|Any CPU
		{84AB84FA-983B-4FB8-BFD9-34D3B93D8000}.Release|Mixed Platforms.ActiveCfg = Release|Any CPU
		{84AB84FA-983B-4FB8-BFD9-34D3B93D8000}.Release|x86.ActiveCfg = Release|Any CPU
		{9C8574A4-64BA-49B1-B66D-7572ECFFFCFB}.Debug|Any CPU.ActiveCfg = Debug|Any CPU
		{9C8574A4-64BA-49B1-B66D-7572ECFFFCFB}.Debug|Any CPU.Build.0 = Debug|Any CPU
		{9C8574A4-64BA-49B1-B66D-7572ECFFFCFB}.Debug|Mixed Platforms.ActiveCfg = Debug|Any CPU
		{9C8574A4-64BA-49B1-B66D-7572ECFFFCFB}.Debug|x86.ActiveCfg = Debug|Any CPU
		{9C8574A4-64BA-49B1-B66D-7572ECFFFCFB}.Release|Any CPU.ActiveCfg = Release|Any CPU
		{9C8574A4-64BA-49B1-B66D-7572ECFFFCFB}.Release|Any CPU.Build.0 = Release|Any CPU
		{9C8574A4-64BA-49B1-B66D-7572ECFFFCFB}.Release|Mixed Platforms.ActiveCfg = Release|Any CPU
		{9C8574A4-64BA-49B1-B66D-7572ECFFFCFB}.Release|x86.ActiveCfg = Release|Any CPU
		{9900D237-620D-4EC7-B111-3EF2A5002A49}.Debug|Any CPU.ActiveCfg = Debug|Any CPU
		{9900D237-620D-4EC7-B111-3EF2A5002A49}.Debug|Any CPU.Build.0 = Debug|Any CPU
		{9900D237-620D-4EC7-B111-3EF2A5002A49}.Debug|Mixed Platforms.ActiveCfg = Debug|Any CPU
		{9900D237-620D-4EC7-B111-3EF2A5002A49}.Debug|Mixed Platforms.Build.0 = Debug|Any CPU
		{9900D237-620D-4EC7-B111-3EF2A5002A49}.Debug|x86.ActiveCfg = Debug|Any CPU
		{9900D237-620D-4EC7-B111-3EF2A5002A49}.Release|Any CPU.ActiveCfg = Release|Any CPU
		{9900D237-620D-4EC7-B111-3EF2A5002A49}.Release|Any CPU.Build.0 = Release|Any CPU
		{9900D237-620D-4EC7-B111-3EF2A5002A49}.Release|Mixed Platforms.ActiveCfg = Release|Any CPU
		{9900D237-620D-4EC7-B111-3EF2A5002A49}.Release|Mixed Platforms.Build.0 = Release|Any CPU
		{9900D237-620D-4EC7-B111-3EF2A5002A49}.Release|x86.ActiveCfg = Release|Any CPU
		{9C73E4E7-7A2A-4329-89A0-1BE47C203698}.Debug|Any CPU.ActiveCfg = Debug|Any CPU
		{9C73E4E7-7A2A-4329-89A0-1BE47C203698}.Debug|Mixed Platforms.ActiveCfg = Debug|Any CPU
		{9C73E4E7-7A2A-4329-89A0-1BE47C203698}.Debug|Mixed Platforms.Build.0 = Debug|Any CPU
		{9C73E4E7-7A2A-4329-89A0-1BE47C203698}.Debug|x86.ActiveCfg = Debug|Any CPU
		{9C73E4E7-7A2A-4329-89A0-1BE47C203698}.Release|Any CPU.ActiveCfg = Release|Any CPU
		{9C73E4E7-7A2A-4329-89A0-1BE47C203698}.Release|Mixed Platforms.ActiveCfg = Release|Any CPU
		{9C73E4E7-7A2A-4329-89A0-1BE47C203698}.Release|Mixed Platforms.Build.0 = Release|Any CPU
		{9C73E4E7-7A2A-4329-89A0-1BE47C203698}.Release|x86.ActiveCfg = Release|Any CPU
	EndGlobalSection
	GlobalSection(SolutionProperties) = preSolution
		HideSolutionNode = FALSE
	EndGlobalSection
	GlobalSection(NestedProjects) = preSolution
		{0ED89569-396E-4281-8FE6-0A0AA83CEC4C} = {E20D30F5-50A3-4827-8516-A7A104523212}
		{713F29FA-17A9-427D-873D-D113E0DF912A} = {E20D30F5-50A3-4827-8516-A7A104523212}
		{CFD57FB8-0C47-4728-8C9E-E732B92CFE38} = {E20D30F5-50A3-4827-8516-A7A104523212}
		{3F641F1C-1D9C-49F6-A7C9-FF627AA0306D} = {A0F5F452-9515-4D92-BE94-1A8CA603BB39}
		{49546F74-0C1F-491A-8197-C403C082E59D} = {A0F5F452-9515-4D92-BE94-1A8CA603BB39}
		{47FFAD02-FC0F-408D-9F8D-1E18F057C19B} = {A0F5F452-9515-4D92-BE94-1A8CA603BB39}
		{67D035D3-27EE-47C3-B3DF-96D43139DB9A} = {A0F5F452-9515-4D92-BE94-1A8CA603BB39}
		{E72BB961-ABA8-47D8-A0D7-F42334A46315} = {A0F5F452-9515-4D92-BE94-1A8CA603BB39}
		{7E32BD55-F315-4BDE-885C-646841C273F7} = {A0F5F452-9515-4D92-BE94-1A8CA603BB39}
		{84AB84FA-983B-4FB8-BFD9-34D3B93D8000} = {A0F5F452-9515-4D92-BE94-1A8CA603BB39}
		{9C73E4E7-7A2A-4329-89A0-1BE47C203698} = {A0F5F452-9515-4D92-BE94-1A8CA603BB39}
		{B50FA6CA-A2CC-4B23-84EF-FC6634957B45} = {0ED89569-396E-4281-8FE6-0A0AA83CEC4C}
		{5C245C2B-2E56-4F99-9AF1-22127EF8C351} = {0ED89569-396E-4281-8FE6-0A0AA83CEC4C}
		{EC98A928-9A0F-496B-8EE2-587E39F9BBED} = {B50FA6CA-A2CC-4B23-84EF-FC6634957B45}
		{1557C03E-56EE-4C70-9BD8-AB637D3191CF} = {3C2FFD88-0203-4D9C-84DA-D1B648AC4E15}
		{30988A11-A4F0-4FDC-82D5-41B87EA410BE} = {3C2FFD88-0203-4D9C-84DA-D1B648AC4E15}
		{129DCF86-4FC5-4CAF-AAFE-911EFC560E10} = {3C2FFD88-0203-4D9C-84DA-D1B648AC4E15}
		{9C8574A4-64BA-49B1-B66D-7572ECFFFCFB} = {3C2FFD88-0203-4D9C-84DA-D1B648AC4E15}
	EndGlobalSection
	GlobalSection(ExtensibilityGlobals) = postSolution
		BuildVersion_ConfigurationName = Any
		BuildVersion_UseGlobalSettings = True
		BuildVersion_DetectChanges = True
	EndGlobalSection
EndGlobal
